
Microsoft Visual Studio Solution File, Format Version 12.00
# Visual Studio 15
VisualStudioVersion = 15.0.27703.2035
MinimumVisualStudioVersion = 10.0.40219.1
Project("{FAE04EC0-301F-11D3-BF4B-00C04F79EFBC}") = "Task01", "Task01\Task01.csproj", "{DD2CDDD3-3428-49E6-AF69-B63A019A4198}"
EndProject
Project("{FAE04EC0-301F-11D3-BF4B-00C04F79EFBC}") = "Task03", "Task03\Task03.csproj", "{D403D384-FA72-4061-A158-A9565DBFD663}"
EndProject
Project("{FAE04EC0-301F-11D3-BF4B-00C04F79EFBC}") = "Task04", "Task04\Task04.csproj", "{4EA6532E-1063-4E96-BC78-1480C13E49B9}"
EndProject
Project("{FAE04EC0-301F-11D3-BF4B-00C04F79EFBC}") = "Task02", "Task02\Task02.csproj", "{A344C35D-15AC-45B6-AA4F-38A1BC5810F8}"
EndProject
Global
	GlobalSection(SolutionConfigurationPlatforms) = preSolution
		Debug|Any CPU = Debug|Any CPU
		Release|Any CPU = Release|Any CPU
	EndGlobalSection
	GlobalSection(ProjectConfigurationPlatforms) = postSolution
		{DD2CDDD3-3428-49E6-AF69-B63A019A4198}.Debug|Any CPU.ActiveCfg = Debug|Any CPU
		{DD2CDDD3-3428-49E6-AF69-B63A019A4198}.Debug|Any CPU.Build.0 = Debug|Any CPU
		{DD2CDDD3-3428-49E6-AF69-B63A019A4198}.Release|Any CPU.ActiveCfg = Release|Any CPU
		{DD2CDDD3-3428-49E6-AF69-B63A019A4198}.Release|Any CPU.Build.0 = Release|Any CPU
		{D403D384-FA72-4061-A158-A9565DBFD663}.Debug|Any CPU.ActiveCfg = Debug|Any CPU
		{D403D384-FA72-4061-A158-A9565DBFD663}.Debug|Any CPU.Build.0 = Debug|Any CPU
		{D403D384-FA72-4061-A158-A9565DBFD663}.Release|Any CPU.ActiveCfg = Release|Any CPU
		{D403D384-FA72-4061-A158-A9565DBFD663}.Release|Any CPU.Build.0 = Release|Any CPU
		{4EA6532E-1063-4E96-BC78-1480C13E49B9}.Debug|Any CPU.ActiveCfg = Debug|Any CPU
		{4EA6532E-1063-4E96-BC78-1480C13E49B9}.Debug|Any CPU.Build.0 = Debug|Any CPU
		{4EA6532E-1063-4E96-BC78-1480C13E49B9}.Release|Any CPU.ActiveCfg = Release|Any CPU
		{4EA6532E-1063-4E96-BC78-1480C13E49B9}.Release|Any CPU.Build.0 = Release|Any CPU
		{A344C35D-15AC-45B6-AA4F-38A1BC5810F8}.Debug|Any CPU.ActiveCfg = Debug|Any CPU
		{A344C35D-15AC-45B6-AA4F-38A1BC5810F8}.Debug|Any CPU.Build.0 = Debug|Any CPU
		{A344C35D-15AC-45B6-AA4F-38A1BC5810F8}.Release|Any CPU.ActiveCfg = Release|Any CPU
		{A344C35D-15AC-45B6-AA4F-38A1BC5810F8}.Release|Any CPU.Build.0 = Release|Any CPU
	EndGlobalSection
	GlobalSection(SolutionProperties) = preSolution
		HideSolutionNode = FALSE
	EndGlobalSection
	GlobalSection(ExtensibilityGlobals) = postSolution
		SolutionGuid = {EDB23E0F-5428-486E-BB4A-2E5D26703DA6}
	EndGlobalSection
EndGlobal
